{
    "_meta": {
        "hash": {
            "sha256": "aa5452f845f5d3d478bafcc81f87a8393c16434b7d1b86ba1e0d2d035ba3ce78"
        },
        "pipfile-spec": 6,
        "requires": {
            "python_version": "3.11"
        },
        "sources": [
            {
                "name": "pypi",
                "url": "https://pypi.org/simple",
                "verify_ssl": true
            }
        ]
    },
    "default": {},
    "develop": {}
}
